
Microsoft Visual Studio Solution File, Format Version 12.00
# Visual Studio Version 17
VisualStudioVersion = 17.14.37301.10
MinimumVisualStudioVersion = 10.0.40219.1
Project("{FAE04EC0-301F-11D3-BF4B-00C04F79EFBC}") = "Nexus Launcher", "Nexus Launcher\Nexus Launcher.csproj", "{C8E8A079-7FFB-44C3-BF8F-EEC9E0EF4128}"
EndProject
Project("{FAE04EC0-301F-11D3-BF4B-00C04F79EFBC}") = "Nexus Updater", "Nexus Updater\Nexus Updater.csproj", "{0936585B-9E17-40D1-8A45-3B4B16550FAF}"
EndProject
Global
	GlobalSection(SolutionConfigurationPlatforms) = preSolution
		Debug|Any CPU = Debug|Any CPU
		Debug|x64 = Debug|x64
		Release|Any CPU = Release|Any CPU
		Release|x64 = Release|x64
	EndGlobalSection
	GlobalSection(ProjectConfigurationPlatforms) = postSolution
		{C8E8A079-7FFB-44C3-BF8F-EEC9E0EF4128}.Debug|Any CPU.ActiveCfg = Debug|x64
		{C8E8A079-7FFB-44C3-BF8F-EEC9E0EF4128}.Debug|Any CPU.Build.0 = Debug|x64
		{C8E8A079-7FFB-44C3-BF8F-EEC9E0EF4128}.Debug|x64.ActiveCfg = Debug|x64
		{C8E8A079-7FFB-44C3-BF8F-EEC9E0EF4128}.Debug|x64.Build.0 = Debug|x64
		{C8E8A079-7FFB-44C3-BF8F-EEC9E0EF4128}.Release|Any CPU.ActiveCfg = Release|Any CPU
		{C8E8A079-7FFB-44C3-BF8F-EEC9E0EF4128}.Release|Any CPU.Build.0 = Release|Any CPU
		{C8E8A079-7FFB-44C3-BF8F-EEC9E0EF4128}.Release|x64.ActiveCfg = Release|x64
		{C8E8A079-7FFB-44C3-BF8F-EEC9E0EF4128}.Release|x64.Build.0 = Release|x64
		{0936585B-9E17-40D1-8A45-3B4B16550FAF}.Debug|Any CPU.ActiveCfg = Debug|Any CPU
		{0936585B-9E17-40D1-8A45-3B4B16550FAF}.Debug|Any CPU.Build.0 = Debug|Any CPU
		{0936585B-9E17-40D1-8A45-3B4B16550FAF}.Debug|x64.ActiveCfg = Debug|Any CPU
		{0936585B-9E17-40D1-8A45-3B4B16550FAF}.Debug|x64.Build.0 = Debug|Any CPU
		{0936585B-9E17-40D1-8A45-3B4B16550FAF}.Release|Any CPU.ActiveCfg = Release|Any CPU
		{0936585B-9E17-40D1-8A45-3B4B16550FAF}.Release|Any CPU.Build.0 = Release|Any CPU
		{0936585B-9E17-40D1-8A45-3B4B16550FAF}.Release|x64.ActiveCfg = Release|Any CPU
		{0936585B-9E17-40D1-8A45-3B4B16550FAF}.Release|x64.Build.0 = Release|Any CPU
	EndGlobalSection
	GlobalSection(SolutionProperties) = preSolution
		HideSolutionNode = FALSE
	EndGlobalSection
	GlobalSection(ExtensibilityGlobals) = postSolution
		SolutionGuid = {E0B2542B-E014-4826-A3A0-DBC9FD0F864B}
	EndGlobalSection
EndGlobal
